
Microsoft Visual Studio Solution File, Format Version 12.00
# Visual Studio Version 17
VisualStudioVersion = 17.9.34728.123
MinimumVisualStudioVersion = 10.0.40219.1
Project("{FAE04EC0-301F-11D3-BF4B-00C04F79EFBC}") = "Localization", "Localization.csproj", "{7D7F6E9D-2096-4B5C-B884-70EDBE920553}"
EndProject
Global
	GlobalSection(SolutionConfigurationPlatforms) = preSolution
		Debug|Any CPU = Debug|Any CPU
		Release|Any CPU = Release|Any CPU
	EndGlobalSection
	GlobalSection(ProjectConfigurationPlatforms) = postSolution
		{7D7F6E9D-2096-4B5C-B884-70EDBE920553}.Debug|Any CPU.ActiveCfg = Debug|Any CPU
		{7D7F6E9D-2096-4B5C-B884-70EDBE920553}.Debug|Any CPU.Build.0 = Debug|Any CPU
		{7D7F6E9D-2096-4B5C-B884-70EDBE920553}.Release|Any CPU.ActiveCfg = Release|Any CPU
		{7D7F6E9D-2096-4B5C-B884-70EDBE920553}.Release|Any CPU.Build.0 = Release|Any CPU
	EndGlobalSection
	GlobalSection(SolutionProperties) = preSolution
		HideSolutionNode = FALSE
	EndGlobalSection
	GlobalSection(ExtensibilityGlobals) = postSolution
		SolutionGuid = {3C96689F-2422-424D-ABA3-41F1F32C3BA0}
	EndGlobalSection
EndGlobal
